// !$*UTF8*$!
{
	archiveVersion = 1;
	classes = {
	};
	objectVersion = 46;
	objects = {

/* Begin PBXBuildFile section */
		351ACF6C1EDEE31F0074AF7E /* AppDelegate.swift in Sources */ = {isa = PBXBuildFile; fileRef = 351ACF6B1EDEE31F0074AF7E /* AppDelegate.swift */; };
		351ACF6E1EDEE31F0074AF7E /* ViewController.swift in Sources */ = {isa = PBXBuildFile; fileRef = 351ACF6D1EDEE31F0074AF7E /* ViewController.swift */; };
		351ACF711EDEE31F0074AF7E /* Main.storyboard in Resources */ = {isa = PBXBuildFile; fileRef = 351ACF6F1EDEE31F0074AF7E /* Main.storyboard */; };
		351ACF731EDEE31F0074AF7E /* Assets.xcassets in Resources */ = {isa = PBXBuildFile; fileRef = 351ACF721EDEE31F0074AF7E /* Assets.xcassets */; };
		351ACF761EDEE31F0074AF7E /* LaunchScreen.storyboard in Resources */ = {isa = PBXBuildFile; fileRef = 351ACF741EDEE31F0074AF7E /* LaunchScreen.storyboard */; };
		351ACF861EDEE3390074AF7E /* CYRLayoutManager.m in Sources */ = {isa = PBXBuildFile; fileRef = 351ACF7F1EDEE3390074AF7E /* CYRLayoutManager.m */; };
		351ACF871EDEE3390074AF7E /* CYRTextStorage.m in Sources */ = {isa = PBXBuildFile; fileRef = 351ACF811EDEE3390074AF7E /* CYRTextStorage.m */; };
		351ACF881EDEE3390074AF7E /* CYRTextView.m in Sources */ = {isa = PBXBuildFile; fileRef = 351ACF831EDEE3390074AF7E /* CYRTextView.m */; };
		351ACF891EDEE3390074AF7E /* CYRToken.m in Sources */ = {isa = PBXBuildFile; fileRef = 351ACF851EDEE3390074AF7E /* CYRToken.m */; };
/* End PBXBuildFile section */

/* Begin PBXFileReference section */
		351ACF681EDEE31E0074AF7E /* CuTV.app */ = {isa = PBXFileReference; explicitFileType = wrapper.application; includeInIndex = 0; path = CuTV.app; sourceTree = BUILT_PRODUCTS_DIR; };
		351ACF6B1EDEE31F0074AF7E /* AppDelegate.swift */ = {isa = PBXFileReference; lastKnownFileType = sourcecode.swift; path = AppDelegate.swift; sourceTree = "<group>"; };
		351ACF6D1EDEE31F0074AF7E /* ViewController.swift */ = {isa = PBXFileReference; lastKnownFileType = sourcecode.swift; path = ViewController.swift; sourceTree = "<group>"; };
		351ACF701EDEE31F0074AF7E /* Base */ = {isa = PBXFileReference; lastKnownFileType = file.storyboard; name = Base; path = Base.lproj/Main.storyboard; sourceTree = "<group>"; };
		351ACF721EDEE31F0074AF7E /* Assets.xcassets */ = {isa = PBXFileReference; lastKnownFileType = folder.assetcatalog; path = Assets.xcassets; sourceTree = "<group>"; };
		351ACF751EDEE31F0074AF7E /* Base */ = {isa = PBXFileReference; lastKnownFileType = file.storyboard; name = Base; path = Base.lproj/LaunchScreen.storyboard; sourceTree = "<group>"; };
		351ACF771EDEE31F0074AF7E /* Info.plist */ = {isa = PBXFileReference; lastKnownFileType = text.plist.xml; path = Info.plist; sourceTree = "<group>"; };
		351ACF7D1EDEE3390074AF7E /* CYRTextViewKit.h */ = {isa = PBXFileReference; fileEncoding = 4; lastKnownFileType = sourcecode.c.h; path = CYRTextViewKit.h; sourceTree = "<group>"; };
		351ACF7E1EDEE3390074AF7E /* CYRLayoutManager.h */ = {isa = PBXFileReference; fileEncoding = 4; lastKnownFileType = sourcecode.c.h; path = CYRLayoutManager.h; sourceTree = "<group>"; };
		351ACF7F1EDEE3390074AF7E /* CYRLayoutManager.m */ = {isa = PBXFileReference; fileEncoding = 4; lastKnownFileType = sourcecode.c.objc; path = CYRLayoutManager.m; sourceTree = "<group>"; };
		351ACF801EDEE3390074AF7E /* CYRTextStorage.h */ = {isa = PBXFileReference; fileEncoding = 4; lastKnownFileType = sourcecode.c.h; path = CYRTextStorage.h; sourceTree = "<group>"; };
		351ACF811EDEE3390074AF7E /* CYRTextStorage.m */ = {isa = PBXFileReference; fileEncoding = 4; lastKnownFileType = sourcecode.c.objc; path = CYRTextStorage.m; sourceTree = "<group>"; };
		351ACF821EDEE3390074AF7E /* CYRTextView.h */ = {isa = PBXFileReference; fileEncoding = 4; lastKnownFileType = sourcecode.c.h; path = CYRTextView.h; sourceTree = "<group>"; };
		351ACF831EDEE3390074AF7E /* CYRTextView.m */ = {isa = PBXFileReference; fileEncoding = 4; lastKnownFileType = sourcecode.c.objc; path = CYRTextView.m; sourceTree = "<group>"; };
		351ACF841EDEE3390074AF7E /* CYRToken.h */ = {isa = PBXFileReference; fileEncoding = 4; lastKnownFileType = sourcecode.c.h; path = CYRToken.h; sourceTree = "<group>"; };
		351ACF851EDEE3390074AF7E /* CYRToken.m */ = {isa = PBXFileReference; fileEncoding = 4; lastKnownFileType = sourcecode.c.objc; path = CYRToken.m; sourceTree = "<group>"; };
/* End PBXFileReference section */

/* Begin PBXFrameworksBuildPhase section */
		351ACF651EDEE31E0074AF7E /* Frameworks */ = {
			isa = PBXFrameworksBuildPhase;
			buildActionMask = 2147483647;
			files = (
			);
			runOnlyForDeploymentPostprocessing = 0;
		};
/* End PBXFrameworksBuildPhase section */

/* Begin PBXGroup section */
		351ACF5F1EDEE31E0074AF7E = {
			isa = PBXGroup;
			children = (
				351ACF6A1EDEE31E0074AF7E /* CuTV */,
				351ACF691EDEE31E0074AF7E /* Products */,
			);
			sourceTree = "<group>";
		};
		351ACF691EDEE31E0074AF7E /* Products */ = {
			isa = PBXGroup;
			children = (
				351ACF681EDEE31E0074AF7E /* CuTV.app */,
			);
			name = Products;
			sourceTree = "<group>";
		};
		351ACF6A1EDEE31E0074AF7E /* CuTV */ = {
			isa = PBXGroup;
			children = (
				351ACF6B1EDEE31F0074AF7E /* AppDelegate.swift */,
				351ACF6D1EDEE31F0074AF7E /* ViewController.swift */,
				351ACF6F1EDEE31F0074AF7E /* Main.storyboard */,
				351ACF7D1EDEE3390074AF7E /* CYRTextViewKit.h */,
				351ACF7E1EDEE3390074AF7E /* CYRLayoutManager.h */,
				351ACF7F1EDEE3390074AF7E /* CYRLayoutManager.m */,
				351ACF801EDEE3390074AF7E /* CYRTextStorage.h */,
				351ACF811EDEE3390074AF7E /* CYRTextStorage.m */,
				351ACF821EDEE3390074AF7E /* CYRTextView.h */,
				351ACF831EDEE3390074AF7E /* CYRTextView.m */,
				351ACF841EDEE3390074AF7E /* CYRToken.h */,
				351ACF851EDEE3390074AF7E /* CYRToken.m */,
				351ACF721EDEE31F0074AF7E /* Assets.xcassets */,
				351ACF741EDEE31F0074AF7E /* LaunchScreen.storyboard */,
				351ACF771EDEE31F0074AF7E /* Info.plist */,
			);
			path = CuTV;
			sourceTree = "<group>";
		};
/* End PBXGroup section */

/* Begin PBXNativeTarget section */
		351ACF671EDEE31E0074AF7E /* CuTV */ = {
			isa = PBXNativeTarget;
			buildConfigurationList = 351ACF7A1EDEE31F0074AF7E /* Build configuration list for PBXNativeTarget "CuTV" */;
			buildPhases = (
				351ACF641EDEE31E0074AF7E /* Sources */,
				351ACF651EDEE31E0074AF7E /* Frameworks */,
				351ACF661EDEE31E0074AF7E /* Resources */,
			);
			buildRules = (
			);
			dependencies = (
			);
			name = CuTV;
			productName = CuTV;
			productReference = 351ACF681EDEE31E0074AF7E /* CuTV.app */;
			productType = "com.apple.product-type.application";
		};
/* End PBXNativeTarget section */

/* Begin PBXProject section */
		351ACF601EDEE31E0074AF7E /* Project object */ = {
			isa = PBXProject;
			attributes = {
				LastSwiftUpdateCheck = 0820;
				LastUpgradeCheck = 0820;
				ORGANIZATIONNAME = kuutsav;
				TargetAttributes = {
					351ACF671EDEE31E0074AF7E = {
						CreatedOnToolsVersion = 8.2.1;
						DevelopmentTeam = BW2JUPK3JZ;
						ProvisioningStyle = Automatic;
					};
				};
			};
			buildConfigurationList = 351ACF631EDEE31E0074AF7E /* Build configuration list for PBXProject "CuTV" */;
			compatibilityVersion = "Xcode 3.2";
			developmentRegion = English;
			hasScannedForEncodings = 0;
			knownRegions = (
				en,
				Base,
			);
			mainGroup = 351ACF5F1EDEE31E0074AF7E;
			productRefGroup = 351ACF691EDEE31E0074AF7E /* Products */;
			projectDirPath = "";
			projectRoot = "";
			targets = (
				351ACF671EDEE31E0074AF7E /* CuTV */,
			);
		};
/* End PBXProject section */

/* Begin PBXResourcesBuildPhase section */
		351ACF661EDEE31E0074AF7E /* Resources */ = {
			isa = PBXResourcesBuildPhase;
			buildActionMask = 2147483647;
			files = (
				351ACF761EDEE31F0074AF7E /* LaunchScreen.storyboard in Resources */,
				351ACF731EDEE31F0074AF7E /* Assets.xcassets in Resources */,
				351ACF711EDEE31F0074AF7E /* Main.storyboard in Resources */,
			);
			runOnlyForDeploymentPostprocessing = 0;
		};
/* End PBXResourcesBuildPhase section */

/* Begin PBXSourcesBuildPhase section */
		351ACF641EDEE31E0074AF7E /* Sources */ = {
			isa = PBXSourcesBuildPhase;
			buildActionMask = 2147483647;
			files = (
				351ACF891EDEE3390074AF7E /* CYRToken.m in Sources */,
				351ACF861EDEE3390074AF7E /* CYRLayoutManager.m in Sources */,
				351ACF881EDEE3390074AF7E /* CYRTextView.m in Sources */,
				351ACF6E1EDEE31F0074AF7E /* ViewController.swift in Sources */,
				351ACF6C1EDEE31F0074AF7E /* AppDelegate.swift in Sources */,
				351ACF871EDEE3390074AF7E /* CYRTextStorage.m in Sources */,
			);
			runOnlyForDeploymentPostprocessing = 0;
		};
/* End PBXSourcesBuildPhase section */

/* Begin PBXVariantGroup section */
		351ACF6F1EDEE31F0074AF7E /* Main.storyboard */ = {
			isa = PBXVariantGroup;
			children = (
				351ACF701EDEE31F0074AF7E /* Base */,
			);
			name = Main.storyboard;
			sourceTree = "<group>";
		};
		351ACF741EDEE31F0074AF7E /* LaunchScreen.storyboard */ = {
			isa = PBXVariantGroup;
			children = (
				351ACF751EDEE31F0074AF7E /* Base */,
			);
			name = LaunchScreen.storyboard;
			sourceTree = "<group>";
		};
/* End PBXVariantGroup section */

/* Begin XCBuildConfiguration section */
		351ACF781EDEE31F0074AF7E /* Debug */ = {
			isa = XCBuildConfiguration;
			buildSettings = {
				ALWAYS_SEARCH_USER_PATHS = NO;
				CLANG_ANALYZER_NONNULL = YES;
				CLANG_CXX_LANGUAGE_STANDARD = "gnu++0x";
				CLANG_CXX_LIBRARY = "libc++";
				CLANG_ENABLE_MODULES = YES;
				CLANG_ENABLE_OBJC_ARC = YES;
				CLANG_WARN_BOOL_CONVERSION = YES;
				CLANG_WARN_CONSTANT_CONVERSION = YES;
				CLANG_WARN_DIRECT_OBJC_ISA_USAGE = YES_ERROR;
				CLANG_WARN_DOCUMENTATION_COMMENTS = YES;
				CLANG_WARN_EMPTY_BODY = YES;
				CLANG_WARN_ENUM_CONVERSION = YES;
				CLANG_WARN_INFINITE_RECURSION = YES;
				CLANG_WARN_INT_CONVERSION = YES;
				CLANG_WARN_OBJC_ROOT_CLASS = YES_ERROR;
				CLANG_WARN_SUSPICIOUS_MOVE = YES;
				CLANG_WARN_UNREACHABLE_CODE = YES;
				CLANG_WARN__DUPLICATE_METHOD_MATCH = YES;
				"CODE_SIGN_IDENTITY[sdk=iphoneos*]" = "iPhone Developer";
				COPY_PHASE_STRIP = NO;
				DEBUG_INFORMATION_FORMAT = dwarf;
				ENABLE_STRICT_OBJC_MSGSEND = YES;
				ENABLE_TESTABILITY = YES;
				GCC_C_LANGUAGE_STANDARD = gnu99;
				GCC_DYNAMIC_NO_PIC = NO;
				GCC_NO_COMMON_BLOCKS = YES;
				GCC_OPTIMIZATION_LEVEL = 0;
				GCC_PREPROCESSOR_DEFINITIONS = (
					"DEBUG=1",
					"$(inherited)",
				);
				GCC_WARN_64_TO_32_BIT_CONVERSION = YES;
				GCC_WARN_ABOUT_RETURN_TYPE = YES_ERROR;
				GCC_WARN_UNDECLARED_SELECTOR = YES;
				GCC_WARN_UNINITIALIZED_AUTOS = YES_AGGRESSIVE;
				GCC_WARN_UNUSED_FUNCTION = YES;
				GCC_WARN_UNUSED_VARIABLE = YES;
				IPHONEOS_DEPLOYMENT_TARGET = 10.2;
				MTL_ENABLE_DEBUG_INFO = YES;
				ONLY_ACTIVE_ARCH = YES;
				SDKROOT = iphoneos;
				SWIFT_ACTIVE_COMPILATION_CONDITIONS = DEBUG;
				SWIFT_OPTIMIZATION_LEVEL = "-Onone";
			};
			name = Debug;
		};
		351ACF791EDEE31F0074AF7E /* Release */ = {
			isa = XCBuildConfiguration;
			buildSettings = {
				ALWAYS_SEARCH_USER_PATHS = NO;
				CLANG_ANALYZER_NONNULL = YES;
				CLANG_CXX_LANGUAGE_STANDARD = "gnu++0x";
				CLANG_CXX_LIBRARY = "libc++";
				CLANG_ENABLE_MODULES = YES;
				CLANG_ENABLE_OBJC_ARC = YES;
				CLANG_WARN_BOOL_CONVERSION = YES;
				CLANG_WARN_CONSTANT_CONVERSION = YES;
				CLANG_WARN_DIRECT_OBJC_ISA_USAGE = YES_ERROR;
				CLANG_WARN_DOCUMENTATION_COMMENTS = YES;
				CLANG_WARN_EMPTY_BODY = YES;
				CLANG_WARN_ENUM_CONVERSION = YES;
				CLANG_WARN_INFINITE_RECURSION = YES;
				CLANG_WARN_INT_CONVERSION = YES;
				CLANG_WARN_OBJC_ROOT_CLASS = YES_ERROR;
				CLANG_WARN_SUSPICIOUS_MOVE = YES;
				CLANG_WARN_UNREACHABLE_CODE = YES;
				CLANG_WARN__DUPLICATE_METHOD_MATCH = YES;
				"CODE_SIGN_IDENTITY[sdk=iphoneos*]" = "iPhone Developer";
				COPY_PHASE_STRIP = NO;
				DEBUG_INFORMATION_FORMAT = "dwarf-with-dsym";
				ENABLE_NS_ASSERTIONS = NO;
				ENABLE_STRICT_OBJC_MSGSEND = YES;
				GCC_C_LANGUAGE_STANDARD = gnu99;
				GCC_NO_COMMON_BLOCKS = YES;
				GCC_WARN_64_TO_32_BIT_CONVERSION = YES;
				GCC_WARN_ABOUT_RETURN_TYPE = YES_ERROR;
				GCC_WARN_UNDECLARED_SELECTOR = YES;
				GCC_WARN_UNINITIALIZED_AUTOS = YES_AGGRESSIVE;
				GCC_WARN_UNUSED_FUNCTION = YES;
				GCC_WARN_UNUSED_VARIABLE = YES;
				IPHONEOS_DEPLOYMENT_TARGET = 10.2;
				MTL_ENABLE_DEBUG_INFO = NO;
				SDKROOT = iphoneos;
				SWIFT_OPTIMIZATION_LEVEL = "-Owholemodule";
				VALIDATE_PRODUCT = YES;
			};
			name = Release;
		};
		351ACF7B1EDEE31F0074AF7E /* Debug */ = {
			isa = XCBuildConfiguration;
			buildSettings = {
				ASSETCATALOG_COMPILER_APPICON_NAME = AppIcon;
				DEVELOPMENT_TEAM = BW2JUPK3JZ;
				INFOPLIST_FILE = CuTV/Info.plist;
				LD_RUNPATH_SEARCH_PATHS = "$(inherited) @executable_path/Frameworks";
				PRODUCT_BUNDLE_IDENTIFIER = com.kumar..CuTV;
				PRODUCT_NAME = "$(TARGET_NAME)";
				SWIFT_VERSION = 3.0;
			};
			name = Debug;
		};
		351ACF7C1EDEE31F0074AF7E /* Release */ = {
			isa = XCBuildConfiguration;
			buildSettings = {
				ASSETCATALOG_COMPILER_APPICON_NAME = AppIcon;
				DEVELOPMENT_TEAM = BW2JUPK3JZ;
				INFOPLIST_FILE = CuTV/Info.plist;
				LD_RUNPATH_SEARCH_PATHS = "$(inherited) @executable_path/Frameworks";
				PRODUCT_BUNDLE_IDENTIFIER = com.kumar..CuTV;
				PRODUCT_NAME = "$(TARGET_NAME)";
				SWIFT_VERSION = 3.0;
			};
			name = Release;
		};
/* End XCBuildConfiguration section */

/* Begin XCConfigurationList section */
		351ACF631EDEE31E0074AF7E /* Build configuration list for PBXProject "CuTV" */ = {
			isa = XCConfigurationList;
			buildConfigurations = (
				351ACF781EDEE31F0074AF7E /* Debug */,
				351ACF791EDEE31F0074AF7E /* Release */,
			);
			defaultConfigurationIsVisible = 0;
			defaultConfigurationName = Release;
		};
		351ACF7A1EDEE31F0074AF7E /* Build configuration list for PBXNativeTarget "CuTV" */ = {
			isa = XCConfigurationList;
			buildConfigurations = (
				351ACF7B1EDEE31F0074AF7E /* Debug */,
				351ACF7C1EDEE31F0074AF7E /* Release */,
			);
			defaultConfigurationIsVisible = 0;
		};
/* End XCConfigurationList section */
	};
	rootObject = 351ACF601EDEE31E0074AF7E /* Project object */;
}
