// !$*UTF8*$!
{
	archiveVersion = 1;
	classes = {
	};
	objectVersion = 46;
	objects = {

/* Begin PBXBuildFile section */
		351ACFCB1EE1CE290074AF7E /* main.m in Sources */ = {isa = PBXBuildFile; fileRef = 351ACFCA1EE1CE290074AF7E /* main.m */; };
		351ACFCE1EE1CE290074AF7E /* AppDelegate.m in Sources */ = {isa = PBXBuildFile; fileRef = 351ACFCD1EE1CE290074AF7E /* AppDelegate.m */; };
		351ACFD11EE1CE290074AF7E /* ViewController.m in Sources */ = {isa = PBXBuildFile; fileRef = 351ACFD01EE1CE290074AF7E /* ViewController.m */; };
		351ACFD41EE1CE290074AF7E /* Main.storyboard in Resources */ = {isa = PBXBuildFile; fileRef = 351ACFD21EE1CE290074AF7E /* Main.storyboard */; };
		351ACFD61EE1CE290074AF7E /* Assets.xcassets in Resources */ = {isa = PBXBuildFile; fileRef = 351ACFD51EE1CE290074AF7E /* Assets.xcassets */; };
		351ACFD91EE1CE290074AF7E /* LaunchScreen.storyboard in Resources */ = {isa = PBXBuildFile; fileRef = 351ACFD71EE1CE290074AF7E /* LaunchScreen.storyboard */; };
/* End PBXBuildFile section */

/* Begin PBXFileReference section */
		351ACFC61EE1CE290074AF7E /* iwopjeriwo.app */ = {isa = PBXFileReference; explicitFileType = wrapper.application; includeInIndex = 0; path = iwopjeriwo.app; sourceTree = BUILT_PRODUCTS_DIR; };
		351ACFCA1EE1CE290074AF7E /* main.m */ = {isa = PBXFileReference; lastKnownFileType = sourcecode.c.objc; path = main.m; sourceTree = "<group>"; };
		351ACFCC1EE1CE290074AF7E /* AppDelegate.h */ = {isa = PBXFileReference; lastKnownFileType = sourcecode.c.h; path = AppDelegate.h; sourceTree = "<group>"; };
		351ACFCD1EE1CE290074AF7E /* AppDelegate.m */ = {isa = PBXFileReference; lastKnownFileType = sourcecode.c.objc; path = AppDelegate.m; sourceTree = "<group>"; };
		351ACFCF1EE1CE290074AF7E /* ViewController.h */ = {isa = PBXFileReference; lastKnownFileType = sourcecode.c.h; path = ViewController.h; sourceTree = "<group>"; };
		351ACFD01EE1CE290074AF7E /* ViewController.m */ = {isa = PBXFileReference; lastKnownFileType = sourcecode.c.objc; path = ViewController.m; sourceTree = "<group>"; };
		351ACFD31EE1CE290074AF7E /* Base */ = {isa = PBXFileReference; lastKnownFileType = file.storyboard; name = Base; path = Base.lproj/Main.storyboard; sourceTree = "<group>"; };
		351ACFD51EE1CE290074AF7E /* Assets.xcassets */ = {isa = PBXFileReference; lastKnownFileType = folder.assetcatalog; path = Assets.xcassets; sourceTree = "<group>"; };
		351ACFD81EE1CE290074AF7E /* Base */ = {isa = PBXFileReference; lastKnownFileType = file.storyboard; name = Base; path = Base.lproj/LaunchScreen.storyboard; sourceTree = "<group>"; };
		351ACFDA1EE1CE290074AF7E /* Info.plist */ = {isa = PBXFileReference; lastKnownFileType = text.plist.xml; path = Info.plist; sourceTree = "<group>"; };
/* End PBXFileReference section */

/* Begin PBXFrameworksBuildPhase section */
		351ACFC31EE1CE290074AF7E /* Frameworks */ = {
			isa = PBXFrameworksBuildPhase;
			buildActionMask = 2147483647;
			files = (
			);
			runOnlyForDeploymentPostprocessing = 0;
		};
/* End PBXFrameworksBuildPhase section */

/* Begin PBXGroup section */
		351ACFBD1EE1CE290074AF7E = {
			isa = PBXGroup;
			children = (
				351ACFC81EE1CE290074AF7E /* iwopjeriwo */,
				351ACFC71EE1CE290074AF7E /* Products */,
			);
			sourceTree = "<group>";
		};
		351ACFC71EE1CE290074AF7E /* Products */ = {
			isa = PBXGroup;
			children = (
				351ACFC61EE1CE290074AF7E /* iwopjeriwo.app */,
			);
			name = Products;
			sourceTree = "<group>";
		};
		351ACFC81EE1CE290074AF7E /* iwopjeriwo */ = {
			isa = PBXGroup;
			children = (
				351ACFCC1EE1CE290074AF7E /* AppDelegate.h */,
				351ACFCD1EE1CE290074AF7E /* AppDelegate.m */,
				351ACFCF1EE1CE290074AF7E /* ViewController.h */,
				351ACFD01EE1CE290074AF7E /* ViewController.m */,
				351ACFD21EE1CE290074AF7E /* Main.storyboard */,
				351ACFD51EE1CE290074AF7E /* Assets.xcassets */,
				351ACFD71EE1CE290074AF7E /* LaunchScreen.storyboard */,
				351ACFDA1EE1CE290074AF7E /* Info.plist */,
				351ACFC91EE1CE290074AF7E /* Supporting Files */,
			);
			path = iwopjeriwo;
			sourceTree = "<group>";
		};
		351ACFC91EE1CE290074AF7E /* Supporting Files */ = {
			isa = PBXGroup;
			children = (
				351ACFCA1EE1CE290074AF7E /* main.m */,
			);
			name = "Supporting Files";
			sourceTree = "<group>";
		};
/* End PBXGroup section */

/* Begin PBXNativeTarget section */
		351ACFC51EE1CE290074AF7E /* iwopjeriwo */ = {
			isa = PBXNativeTarget;
			buildConfigurationList = 351ACFDD1EE1CE290074AF7E /* Build configuration list for PBXNativeTarget "iwopjeriwo" */;
			buildPhases = (
				351ACFC21EE1CE290074AF7E /* Sources */,
				351ACFC31EE1CE290074AF7E /* Frameworks */,
				351ACFC41EE1CE290074AF7E /* Resources */,
			);
			buildRules = (
			);
			dependencies = (
			);
			name = iwopjeriwo;
			productName = iwopjeriwo;
			productReference = 351ACFC61EE1CE290074AF7E /* iwopjeriwo.app */;
			productType = "com.apple.product-type.application";
		};
/* End PBXNativeTarget section */

/* Begin PBXProject section */
		351ACFBE1EE1CE290074AF7E /* Project object */ = {
			isa = PBXProject;
			attributes = {
				LastUpgradeCheck = 0820;
				ORGANIZATIONNAME = kuutsav;
				TargetAttributes = {
					351ACFC51EE1CE290074AF7E = {
						CreatedOnToolsVersion = 8.2.1;
						DevelopmentTeam = BW2JUPK3JZ;
						ProvisioningStyle = Automatic;
					};
				};
			};
			buildConfigurationList = 351ACFC11EE1CE290074AF7E /* Build configuration list for PBXProject "iwopjeriwo" */;
			compatibilityVersion = "Xcode 3.2";
			developmentRegion = English;
			hasScannedForEncodings = 0;
			knownRegions = (
				en,
				Base,
			);
			mainGroup = 351ACFBD1EE1CE290074AF7E;
			productRefGroup = 351ACFC71EE1CE290074AF7E /* Products */;
			projectDirPath = "";
			projectRoot = "";
			targets = (
				351ACFC51EE1CE290074AF7E /* iwopjeriwo */,
			);
		};
/* End PBXProject section */

/* Begin PBXResourcesBuildPhase section */
		351ACFC41EE1CE290074AF7E /* Resources */ = {
			isa = PBXResourcesBuildPhase;
			buildActionMask = 2147483647;
			files = (
				351ACFD91EE1CE290074AF7E /* LaunchScreen.storyboard in Resources */,
				351ACFD61EE1CE290074AF7E /* Assets.xcassets in Resources */,
				351ACFD41EE1CE290074AF7E /* Main.storyboard in Resources */,
			);
			runOnlyForDeploymentPostprocessing = 0;
		};
/* End PBXResourcesBuildPhase section */

/* Begin PBXSourcesBuildPhase section */
		351ACFC21EE1CE290074AF7E /* Sources */ = {
			isa = PBXSourcesBuildPhase;
			buildActionMask = 2147483647;
			files = (
				351ACFD11EE1CE290074AF7E /* ViewController.m in Sources */,
				351ACFCE1EE1CE290074AF7E /* AppDelegate.m in Sources */,
				351ACFCB1EE1CE290074AF7E /* main.m in Sources */,
			);
			runOnlyForDeploymentPostprocessing = 0;
		};
/* End PBXSourcesBuildPhase section */

/* Begin PBXVariantGroup section */
		351ACFD21EE1CE290074AF7E /* Main.storyboard */ = {
			isa = PBXVariantGroup;
			children = (
				351ACFD31EE1CE290074AF7E /* Base */,
			);
			name = Main.storyboard;
			sourceTree = "<group>";
		};
		351ACFD71EE1CE290074AF7E /* LaunchScreen.storyboard */ = {
			isa = PBXVariantGroup;
			children = (
				351ACFD81EE1CE290074AF7E /* Base */,
			);
			name = LaunchScreen.storyboard;
			sourceTree = "<group>";
		};
/* End PBXVariantGroup section */

/* Begin XCBuildConfiguration section */
		351ACFDB1EE1CE290074AF7E /* Debug */ = {
			isa = XCBuildConfiguration;
			buildSettings = {
				ALWAYS_SEARCH_USER_PATHS = NO;
				CLANG_ANALYZER_NONNULL = YES;
				CLANG_CXX_LANGUAGE_STANDARD = "gnu++0x";
				CLANG_CXX_LIBRARY = "libc++";
				CLANG_ENABLE_MODULES = YES;
				CLANG_ENABLE_OBJC_ARC = YES;
				CLANG_WARN_BOOL_CONVERSION = YES;
				CLANG_WARN_CONSTANT_CONVERSION = YES;
				CLANG_WARN_DIRECT_OBJC_ISA_USAGE = YES_ERROR;
				CLANG_WARN_DOCUMENTATION_COMMENTS = YES;
				CLANG_WARN_EMPTY_BODY = YES;
				CLANG_WARN_ENUM_CONVERSION = YES;
				CLANG_WARN_INFINITE_RECURSION = YES;
				CLANG_WARN_INT_CONVERSION = YES;
				CLANG_WARN_OBJC_ROOT_CLASS = YES_ERROR;
				CLANG_WARN_SUSPICIOUS_MOVE = YES;
				CLANG_WARN_UNREACHABLE_CODE = YES;
				CLANG_WARN__DUPLICATE_METHOD_MATCH = YES;
				"CODE_SIGN_IDENTITY[sdk=iphoneos*]" = "iPhone Developer";
				COPY_PHASE_STRIP = NO;
				DEBUG_INFORMATION_FORMAT = dwarf;
				ENABLE_STRICT_OBJC_MSGSEND = YES;
				ENABLE_TESTABILITY = YES;
				GCC_C_LANGUAGE_STANDARD = gnu99;
				GCC_DYNAMIC_NO_PIC = NO;
				GCC_NO_COMMON_BLOCKS = YES;
				GCC_OPTIMIZATION_LEVEL = 0;
				GCC_PREPROCESSOR_DEFINITIONS = (
					"DEBUG=1",
					"$(inherited)",
				);
				GCC_WARN_64_TO_32_BIT_CONVERSION = YES;
				GCC_WARN_ABOUT_RETURN_TYPE = YES_ERROR;
				GCC_WARN_UNDECLARED_SELECTOR = YES;
				GCC_WARN_UNINITIALIZED_AUTOS = YES_AGGRESSIVE;
				GCC_WARN_UNUSED_FUNCTION = YES;
				GCC_WARN_UNUSED_VARIABLE = YES;
				IPHONEOS_DEPLOYMENT_TARGET = 10.2;
				MTL_ENABLE_DEBUG_INFO = YES;
				ONLY_ACTIVE_ARCH = YES;
				SDKROOT = iphoneos;
			};
			name = Debug;
		};
		351ACFDC1EE1CE290074AF7E /* Release */ = {
			isa = XCBuildConfiguration;
			buildSettings = {
				ALWAYS_SEARCH_USER_PATHS = NO;
				CLANG_ANALYZER_NONNULL = YES;
				CLANG_CXX_LANGUAGE_STANDARD = "gnu++0x";
				CLANG_CXX_LIBRARY = "libc++";
				CLANG_ENABLE_MODULES = YES;
				CLANG_ENABLE_OBJC_ARC = YES;
				CLANG_WARN_BOOL_CONVERSION = YES;
				CLANG_WARN_CONSTANT_CONVERSION = YES;
				CLANG_WARN_DIRECT_OBJC_ISA_USAGE = YES_ERROR;
				CLANG_WARN_DOCUMENTATION_COMMENTS = YES;
				CLANG_WARN_EMPTY_BODY = YES;
				CLANG_WARN_ENUM_CONVERSION = YES;
				CLANG_WARN_INFINITE_RECURSION = YES;
				CLANG_WARN_INT_CONVERSION = YES;
				CLANG_WARN_OBJC_ROOT_CLASS = YES_ERROR;
				CLANG_WARN_SUSPICIOUS_MOVE = YES;
				CLANG_WARN_UNREACHABLE_CODE = YES;
				CLANG_WARN__DUPLICATE_METHOD_MATCH = YES;
				"CODE_SIGN_IDENTITY[sdk=iphoneos*]" = "iPhone Developer";
				COPY_PHASE_STRIP = NO;
				DEBUG_INFORMATION_FORMAT = "dwarf-with-dsym";
				ENABLE_NS_ASSERTIONS = NO;
				ENABLE_STRICT_OBJC_MSGSEND = YES;
				GCC_C_LANGUAGE_STANDARD = gnu99;
				GCC_NO_COMMON_BLOCKS = YES;
				GCC_WARN_64_TO_32_BIT_CONVERSION = YES;
				GCC_WARN_ABOUT_RETURN_TYPE = YES_ERROR;
				GCC_WARN_UNDECLARED_SELECTOR = YES;
				GCC_WARN_UNINITIALIZED_AUTOS = YES_AGGRESSIVE;
				GCC_WARN_UNUSED_FUNCTION = YES;
				GCC_WARN_UNUSED_VARIABLE = YES;
				IPHONEOS_DEPLOYMENT_TARGET = 10.2;
				MTL_ENABLE_DEBUG_INFO = NO;
				SDKROOT = iphoneos;
				VALIDATE_PRODUCT = YES;
			};
			name = Release;
		};
		351ACFDE1EE1CE290074AF7E /* Debug */ = {
			isa = XCBuildConfiguration;
			buildSettings = {
				ASSETCATALOG_COMPILER_APPICON_NAME = AppIcon;
				DEVELOPMENT_TEAM = BW2JUPK3JZ;
				INFOPLIST_FILE = iwopjeriwo/Info.plist;
				LD_RUNPATH_SEARCH_PATHS = "$(inherited) @executable_path/Frameworks";
				PRODUCT_BUNDLE_IDENTIFIER = com.kumar..iwopjeriwo;
				PRODUCT_NAME = "$(TARGET_NAME)";
			};
			name = Debug;
		};
		351ACFDF1EE1CE290074AF7E /* Release */ = {
			isa = XCBuildConfiguration;
			buildSettings = {
				ASSETCATALOG_COMPILER_APPICON_NAME = AppIcon;
				DEVELOPMENT_TEAM = BW2JUPK3JZ;
				INFOPLIST_FILE = iwopjeriwo/Info.plist;
				LD_RUNPATH_SEARCH_PATHS = "$(inherited) @executable_path/Frameworks";
				PRODUCT_BUNDLE_IDENTIFIER = com.kumar..iwopjeriwo;
				PRODUCT_NAME = "$(TARGET_NAME)";
			};
			name = Release;
		};
/* End XCBuildConfiguration section */

/* Begin XCConfigurationList section */
		351ACFC11EE1CE290074AF7E /* Build configuration list for PBXProject "iwopjeriwo" */ = {
			isa = XCConfigurationList;
			buildConfigurations = (
				351ACFDB1EE1CE290074AF7E /* Debug */,
				351ACFDC1EE1CE290074AF7E /* Release */,
			);
			defaultConfigurationIsVisible = 0;
			defaultConfigurationName = Release;
		};
		351ACFDD1EE1CE290074AF7E /* Build configuration list for PBXNativeTarget "iwopjeriwo" */ = {
			isa = XCConfigurationList;
			buildConfigurations = (
				351ACFDE1EE1CE290074AF7E /* Debug */,
				351ACFDF1EE1CE290074AF7E /* Release */,
			);
			defaultConfigurationIsVisible = 0;
		};
/* End XCConfigurationList section */
	};
	rootObject = 351ACFBE1EE1CE290074AF7E /* Project object */;
}
