// !$*UTF8*$!
{
	archiveVersion = 1;
	classes = {
	};
	objectVersion = 46;
	objects = {

/* Begin PBXBuildFile section */
		352445401ECD6E3B008B32B8 /* AppDelegate.swift in Sources */ = {isa = PBXBuildFile; fileRef = 3524453F1ECD6E3B008B32B8 /* AppDelegate.swift */; };
		352445421ECD6E3B008B32B8 /* ViewController.swift in Sources */ = {isa = PBXBuildFile; fileRef = 352445411ECD6E3B008B32B8 /* ViewController.swift */; };
		352445451ECD6E3B008B32B8 /* Main.storyboard in Resources */ = {isa = PBXBuildFile; fileRef = 352445431ECD6E3B008B32B8 /* Main.storyboard */; };
		352445471ECD6E3B008B32B8 /* Assets.xcassets in Resources */ = {isa = PBXBuildFile; fileRef = 352445461ECD6E3B008B32B8 /* Assets.xcassets */; };
		3524454A1ECD6E3B008B32B8 /* LaunchScreen.storyboard in Resources */ = {isa = PBXBuildFile; fileRef = 352445481ECD6E3B008B32B8 /* LaunchScreen.storyboard */; };
		352445521ECD6E4C008B32B8 /* NextViewController.swift in Sources */ = {isa = PBXBuildFile; fileRef = 352445511ECD6E4C008B32B8 /* NextViewController.swift */; };
		352445541ECD71CD008B32B8 /* LinkedListViewController.swift in Sources */ = {isa = PBXBuildFile; fileRef = 352445531ECD71CD008B32B8 /* LinkedListViewController.swift */; };
		352445561ECD71D7008B32B8 /* TreeViewController.swift in Sources */ = {isa = PBXBuildFile; fileRef = 352445551ECD71D7008B32B8 /* TreeViewController.swift */; };
		352445581ECD71E5008B32B8 /* GraphViewController.swift in Sources */ = {isa = PBXBuildFile; fileRef = 352445571ECD71E5008B32B8 /* GraphViewController.swift */; };
/* End PBXBuildFile section */

/* Begin PBXFileReference section */
		3524453C1ECD6E3B008B32B8 /* some2.app */ = {isa = PBXFileReference; explicitFileType = wrapper.application; includeInIndex = 0; path = some2.app; sourceTree = BUILT_PRODUCTS_DIR; };
		3524453F1ECD6E3B008B32B8 /* AppDelegate.swift */ = {isa = PBXFileReference; lastKnownFileType = sourcecode.swift; path = AppDelegate.swift; sourceTree = "<group>"; };
		352445411ECD6E3B008B32B8 /* ViewController.swift */ = {isa = PBXFileReference; lastKnownFileType = sourcecode.swift; path = ViewController.swift; sourceTree = "<group>"; };
		352445441ECD6E3B008B32B8 /* Base */ = {isa = PBXFileReference; lastKnownFileType = file.storyboard; name = Base; path = Base.lproj/Main.storyboard; sourceTree = "<group>"; };
		352445461ECD6E3B008B32B8 /* Assets.xcassets */ = {isa = PBXFileReference; lastKnownFileType = folder.assetcatalog; path = Assets.xcassets; sourceTree = "<group>"; };
		352445491ECD6E3B008B32B8 /* Base */ = {isa = PBXFileReference; lastKnownFileType = file.storyboard; name = Base; path = Base.lproj/LaunchScreen.storyboard; sourceTree = "<group>"; };
		3524454B1ECD6E3B008B32B8 /* Info.plist */ = {isa = PBXFileReference; lastKnownFileType = text.plist.xml; path = Info.plist; sourceTree = "<group>"; };
		352445511ECD6E4C008B32B8 /* NextViewController.swift */ = {isa = PBXFileReference; fileEncoding = 4; lastKnownFileType = sourcecode.swift; path = NextViewController.swift; sourceTree = "<group>"; };
		352445531ECD71CD008B32B8 /* LinkedListViewController.swift */ = {isa = PBXFileReference; fileEncoding = 4; lastKnownFileType = sourcecode.swift; path = LinkedListViewController.swift; sourceTree = "<group>"; };
		352445551ECD71D7008B32B8 /* TreeViewController.swift */ = {isa = PBXFileReference; fileEncoding = 4; lastKnownFileType = sourcecode.swift; path = TreeViewController.swift; sourceTree = "<group>"; };
		352445571ECD71E5008B32B8 /* GraphViewController.swift */ = {isa = PBXFileReference; fileEncoding = 4; lastKnownFileType = sourcecode.swift; path = GraphViewController.swift; sourceTree = "<group>"; };
/* End PBXFileReference section */

/* Begin PBXFrameworksBuildPhase section */
		352445391ECD6E3B008B32B8 /* Frameworks */ = {
			isa = PBXFrameworksBuildPhase;
			buildActionMask = 2147483647;
			files = (
			);
			runOnlyForDeploymentPostprocessing = 0;
		};
/* End PBXFrameworksBuildPhase section */

/* Begin PBXGroup section */
		352445331ECD6E3B008B32B8 = {
			isa = PBXGroup;
			children = (
				3524453E1ECD6E3B008B32B8 /* some2 */,
				3524453D1ECD6E3B008B32B8 /* Products */,
			);
			sourceTree = "<group>";
		};
		3524453D1ECD6E3B008B32B8 /* Products */ = {
			isa = PBXGroup;
			children = (
				3524453C1ECD6E3B008B32B8 /* some2.app */,
			);
			name = Products;
			sourceTree = "<group>";
		};
		3524453E1ECD6E3B008B32B8 /* some2 */ = {
			isa = PBXGroup;
			children = (
				3524453F1ECD6E3B008B32B8 /* AppDelegate.swift */,
				352445411ECD6E3B008B32B8 /* ViewController.swift */,
				352445511ECD6E4C008B32B8 /* NextViewController.swift */,
				352445431ECD6E3B008B32B8 /* Main.storyboard */,
				352445461ECD6E3B008B32B8 /* Assets.xcassets */,
				352445481ECD6E3B008B32B8 /* LaunchScreen.storyboard */,
				3524454B1ECD6E3B008B32B8 /* Info.plist */,
				352445531ECD71CD008B32B8 /* LinkedListViewController.swift */,
				352445551ECD71D7008B32B8 /* TreeViewController.swift */,
				352445571ECD71E5008B32B8 /* GraphViewController.swift */,
			);
			path = some2;
			sourceTree = "<group>";
		};
/* End PBXGroup section */

/* Begin PBXNativeTarget section */
		3524453B1ECD6E3B008B32B8 /* some2 */ = {
			isa = PBXNativeTarget;
			buildConfigurationList = 3524454E1ECD6E3B008B32B8 /* Build configuration list for PBXNativeTarget "some2" */;
			buildPhases = (
				352445381ECD6E3B008B32B8 /* Sources */,
				352445391ECD6E3B008B32B8 /* Frameworks */,
				3524453A1ECD6E3B008B32B8 /* Resources */,
			);
			buildRules = (
			);
			dependencies = (
			);
			name = some2;
			productName = some2;
			productReference = 3524453C1ECD6E3B008B32B8 /* some2.app */;
			productType = "com.apple.product-type.application";
		};
/* End PBXNativeTarget section */

/* Begin PBXProject section */
		352445341ECD6E3B008B32B8 /* Project object */ = {
			isa = PBXProject;
			attributes = {
				LastSwiftUpdateCheck = 0820;
				LastUpgradeCheck = 0820;
				ORGANIZATIONNAME = kuutsav;
				TargetAttributes = {
					3524453B1ECD6E3B008B32B8 = {
						CreatedOnToolsVersion = 8.2.1;
						DevelopmentTeam = BW2JUPK3JZ;
						ProvisioningStyle = Automatic;
					};
				};
			};
			buildConfigurationList = 352445371ECD6E3B008B32B8 /* Build configuration list for PBXProject "some2" */;
			compatibilityVersion = "Xcode 3.2";
			developmentRegion = English;
			hasScannedForEncodings = 0;
			knownRegions = (
				en,
				Base,
			);
			mainGroup = 352445331ECD6E3B008B32B8;
			productRefGroup = 3524453D1ECD6E3B008B32B8 /* Products */;
			projectDirPath = "";
			projectRoot = "";
			targets = (
				3524453B1ECD6E3B008B32B8 /* some2 */,
			);
		};
/* End PBXProject section */

/* Begin PBXResourcesBuildPhase section */
		3524453A1ECD6E3B008B32B8 /* Resources */ = {
			isa = PBXResourcesBuildPhase;
			buildActionMask = 2147483647;
			files = (
				3524454A1ECD6E3B008B32B8 /* LaunchScreen.storyboard in Resources */,
				352445471ECD6E3B008B32B8 /* Assets.xcassets in Resources */,
				352445451ECD6E3B008B32B8 /* Main.storyboard in Resources */,
			);
			runOnlyForDeploymentPostprocessing = 0;
		};
/* End PBXResourcesBuildPhase section */

/* Begin PBXSourcesBuildPhase section */
		352445381ECD6E3B008B32B8 /* Sources */ = {
			isa = PBXSourcesBuildPhase;
			buildActionMask = 2147483647;
			files = (
				352445421ECD6E3B008B32B8 /* ViewController.swift in Sources */,
				352445521ECD6E4C008B32B8 /* NextViewController.swift in Sources */,
				352445561ECD71D7008B32B8 /* TreeViewController.swift in Sources */,
				352445581ECD71E5008B32B8 /* GraphViewController.swift in Sources */,
				352445401ECD6E3B008B32B8 /* AppDelegate.swift in Sources */,
				352445541ECD71CD008B32B8 /* LinkedListViewController.swift in Sources */,
			);
			runOnlyForDeploymentPostprocessing = 0;
		};
/* End PBXSourcesBuildPhase section */

/* Begin PBXVariantGroup section */
		352445431ECD6E3B008B32B8 /* Main.storyboard */ = {
			isa = PBXVariantGroup;
			children = (
				352445441ECD6E3B008B32B8 /* Base */,
			);
			name = Main.storyboard;
			sourceTree = "<group>";
		};
		352445481ECD6E3B008B32B8 /* LaunchScreen.storyboard */ = {
			isa = PBXVariantGroup;
			children = (
				352445491ECD6E3B008B32B8 /* Base */,
			);
			name = LaunchScreen.storyboard;
			sourceTree = "<group>";
		};
/* End PBXVariantGroup section */

/* Begin XCBuildConfiguration section */
		3524454C1ECD6E3B008B32B8 /* Debug */ = {
			isa = XCBuildConfiguration;
			buildSettings = {
				ALWAYS_SEARCH_USER_PATHS = NO;
				CLANG_ANALYZER_NONNULL = YES;
				CLANG_CXX_LANGUAGE_STANDARD = "gnu++0x";
				CLANG_CXX_LIBRARY = "libc++";
				CLANG_ENABLE_MODULES = YES;
				CLANG_ENABLE_OBJC_ARC = YES;
				CLANG_WARN_BOOL_CONVERSION = YES;
				CLANG_WARN_CONSTANT_CONVERSION = YES;
				CLANG_WARN_DIRECT_OBJC_ISA_USAGE = YES_ERROR;
				CLANG_WARN_DOCUMENTATION_COMMENTS = YES;
				CLANG_WARN_EMPTY_BODY = YES;
				CLANG_WARN_ENUM_CONVERSION = YES;
				CLANG_WARN_INFINITE_RECURSION = YES;
				CLANG_WARN_INT_CONVERSION = YES;
				CLANG_WARN_OBJC_ROOT_CLASS = YES_ERROR;
				CLANG_WARN_SUSPICIOUS_MOVE = YES;
				CLANG_WARN_UNREACHABLE_CODE = YES;
				CLANG_WARN__DUPLICATE_METHOD_MATCH = YES;
				"CODE_SIGN_IDENTITY[sdk=iphoneos*]" = "iPhone Developer";
				COPY_PHASE_STRIP = NO;
				DEBUG_INFORMATION_FORMAT = dwarf;
				ENABLE_STRICT_OBJC_MSGSEND = YES;
				ENABLE_TESTABILITY = YES;
				GCC_C_LANGUAGE_STANDARD = gnu99;
				GCC_DYNAMIC_NO_PIC = NO;
				GCC_NO_COMMON_BLOCKS = YES;
				GCC_OPTIMIZATION_LEVEL = 0;
				GCC_PREPROCESSOR_DEFINITIONS = (
					"DEBUG=1",
					"$(inherited)",
				);
				GCC_WARN_64_TO_32_BIT_CONVERSION = YES;
				GCC_WARN_ABOUT_RETURN_TYPE = YES_ERROR;
				GCC_WARN_UNDECLARED_SELECTOR = YES;
				GCC_WARN_UNINITIALIZED_AUTOS = YES_AGGRESSIVE;
				GCC_WARN_UNUSED_FUNCTION = YES;
				GCC_WARN_UNUSED_VARIABLE = YES;
				IPHONEOS_DEPLOYMENT_TARGET = 10.2;
				MTL_ENABLE_DEBUG_INFO = YES;
				ONLY_ACTIVE_ARCH = YES;
				SDKROOT = iphoneos;
				SWIFT_ACTIVE_COMPILATION_CONDITIONS = DEBUG;
				SWIFT_OPTIMIZATION_LEVEL = "-Onone";
			};
			name = Debug;
		};
		3524454D1ECD6E3B008B32B8 /* Release */ = {
			isa = XCBuildConfiguration;
			buildSettings = {
				ALWAYS_SEARCH_USER_PATHS = NO;
				CLANG_ANALYZER_NONNULL = YES;
				CLANG_CXX_LANGUAGE_STANDARD = "gnu++0x";
				CLANG_CXX_LIBRARY = "libc++";
				CLANG_ENABLE_MODULES = YES;
				CLANG_ENABLE_OBJC_ARC = YES;
				CLANG_WARN_BOOL_CONVERSION = YES;
				CLANG_WARN_CONSTANT_CONVERSION = YES;
				CLANG_WARN_DIRECT_OBJC_ISA_USAGE = YES_ERROR;
				CLANG_WARN_DOCUMENTATION_COMMENTS = YES;
				CLANG_WARN_EMPTY_BODY = YES;
				CLANG_WARN_ENUM_CONVERSION = YES;
				CLANG_WARN_INFINITE_RECURSION = YES;
				CLANG_WARN_INT_CONVERSION = YES;
				CLANG_WARN_OBJC_ROOT_CLASS = YES_ERROR;
				CLANG_WARN_SUSPICIOUS_MOVE = YES;
				CLANG_WARN_UNREACHABLE_CODE = YES;
				CLANG_WARN__DUPLICATE_METHOD_MATCH = YES;
				"CODE_SIGN_IDENTITY[sdk=iphoneos*]" = "iPhone Developer";
				COPY_PHASE_STRIP = NO;
				DEBUG_INFORMATION_FORMAT = "dwarf-with-dsym";
				ENABLE_NS_ASSERTIONS = NO;
				ENABLE_STRICT_OBJC_MSGSEND = YES;
				GCC_C_LANGUAGE_STANDARD = gnu99;
				GCC_NO_COMMON_BLOCKS = YES;
				GCC_WARN_64_TO_32_BIT_CONVERSION = YES;
				GCC_WARN_ABOUT_RETURN_TYPE = YES_ERROR;
				GCC_WARN_UNDECLARED_SELECTOR = YES;
				GCC_WARN_UNINITIALIZED_AUTOS = YES_AGGRESSIVE;
				GCC_WARN_UNUSED_FUNCTION = YES;
				GCC_WARN_UNUSED_VARIABLE = YES;
				IPHONEOS_DEPLOYMENT_TARGET = 10.2;
				MTL_ENABLE_DEBUG_INFO = NO;
				SDKROOT = iphoneos;
				SWIFT_OPTIMIZATION_LEVEL = "-Owholemodule";
				VALIDATE_PRODUCT = YES;
			};
			name = Release;
		};
		3524454F1ECD6E3B008B32B8 /* Debug */ = {
			isa = XCBuildConfiguration;
			buildSettings = {
				ASSETCATALOG_COMPILER_APPICON_NAME = AppIcon;
				DEVELOPMENT_TEAM = BW2JUPK3JZ;
				INFOPLIST_FILE = some2/Info.plist;
				LD_RUNPATH_SEARCH_PATHS = "$(inherited) @executable_path/Frameworks";
				PRODUCT_BUNDLE_IDENTIFIER = com.kumar..some2;
				PRODUCT_NAME = "$(TARGET_NAME)";
				SWIFT_VERSION = 3.0;
			};
			name = Debug;
		};
		352445501ECD6E3B008B32B8 /* Release */ = {
			isa = XCBuildConfiguration;
			buildSettings = {
				ASSETCATALOG_COMPILER_APPICON_NAME = AppIcon;
				DEVELOPMENT_TEAM = BW2JUPK3JZ;
				INFOPLIST_FILE = some2/Info.plist;
				LD_RUNPATH_SEARCH_PATHS = "$(inherited) @executable_path/Frameworks";
				PRODUCT_BUNDLE_IDENTIFIER = com.kumar..some2;
				PRODUCT_NAME = "$(TARGET_NAME)";
				SWIFT_VERSION = 3.0;
			};
			name = Release;
		};
/* End XCBuildConfiguration section */

/* Begin XCConfigurationList section */
		352445371ECD6E3B008B32B8 /* Build configuration list for PBXProject "some2" */ = {
			isa = XCConfigurationList;
			buildConfigurations = (
				3524454C1ECD6E3B008B32B8 /* Debug */,
				3524454D1ECD6E3B008B32B8 /* Release */,
			);
			defaultConfigurationIsVisible = 0;
			defaultConfigurationName = Release;
		};
		3524454E1ECD6E3B008B32B8 /* Build configuration list for PBXNativeTarget "some2" */ = {
			isa = XCConfigurationList;
			buildConfigurations = (
				3524454F1ECD6E3B008B32B8 /* Debug */,
				352445501ECD6E3B008B32B8 /* Release */,
			);
			defaultConfigurationIsVisible = 0;
		};
/* End XCConfigurationList section */
	};
	rootObject = 352445341ECD6E3B008B32B8 /* Project object */;
}
