// !$*UTF8*$!
{
	archiveVersion = 1;
	classes = {
	};
	objectVersion = 46;
	objects = {

/* Begin PBXBuildFile section */
		352444A41ECCA0B7008B32B8 /* AppDelegate.swift in Sources */ = {isa = PBXBuildFile; fileRef = 352444A31ECCA0B7008B32B8 /* AppDelegate.swift */; };
		352444A61ECCA0B7008B32B8 /* ViewController.swift in Sources */ = {isa = PBXBuildFile; fileRef = 352444A51ECCA0B7008B32B8 /* ViewController.swift */; };
		352444A91ECCA0B7008B32B8 /* Main.storyboard in Resources */ = {isa = PBXBuildFile; fileRef = 352444A71ECCA0B7008B32B8 /* Main.storyboard */; };
		352444AC1ECCA0B7008B32B8 /* Somewhere.xcdatamodeld in Sources */ = {isa = PBXBuildFile; fileRef = 352444AA1ECCA0B7008B32B8 /* Somewhere.xcdatamodeld */; };
		352444AE1ECCA0B7008B32B8 /* Assets.xcassets in Resources */ = {isa = PBXBuildFile; fileRef = 352444AD1ECCA0B7008B32B8 /* Assets.xcassets */; };
		352444B11ECCA0B7008B32B8 /* LaunchScreen.storyboard in Resources */ = {isa = PBXBuildFile; fileRef = 352444AF1ECCA0B7008B32B8 /* LaunchScreen.storyboard */; };
		352444BA1ECCA0DB008B32B8 /* Application.xib in Resources */ = {isa = PBXBuildFile; fileRef = 352444B91ECCA0DB008B32B8 /* Application.xib */; };
/* End PBXBuildFile section */

/* Begin PBXFileReference section */
		352444A01ECCA0B7008B32B8 /* Somewhere.app */ = {isa = PBXFileReference; explicitFileType = wrapper.application; includeInIndex = 0; path = Somewhere.app; sourceTree = BUILT_PRODUCTS_DIR; };
		352444A31ECCA0B7008B32B8 /* AppDelegate.swift */ = {isa = PBXFileReference; lastKnownFileType = sourcecode.swift; path = AppDelegate.swift; sourceTree = "<group>"; };
		352444A51ECCA0B7008B32B8 /* ViewController.swift */ = {isa = PBXFileReference; lastKnownFileType = sourcecode.swift; path = ViewController.swift; sourceTree = "<group>"; };
		352444A81ECCA0B7008B32B8 /* Base */ = {isa = PBXFileReference; lastKnownFileType = file.storyboard; name = Base; path = Base.lproj/Main.storyboard; sourceTree = "<group>"; };
		352444AB1ECCA0B7008B32B8 /* Somewhere.xcdatamodel */ = {isa = PBXFileReference; lastKnownFileType = wrapper.xcdatamodel; path = Somewhere.xcdatamodel; sourceTree = "<group>"; };
		352444AD1ECCA0B7008B32B8 /* Assets.xcassets */ = {isa = PBXFileReference; lastKnownFileType = folder.assetcatalog; path = Assets.xcassets; sourceTree = "<group>"; };
		352444B01ECCA0B7008B32B8 /* Base */ = {isa = PBXFileReference; lastKnownFileType = file.storyboard; name = Base; path = Base.lproj/LaunchScreen.storyboard; sourceTree = "<group>"; };
		352444B21ECCA0B7008B32B8 /* Info.plist */ = {isa = PBXFileReference; lastKnownFileType = text.plist.xml; path = Info.plist; sourceTree = "<group>"; };
		352444B91ECCA0DB008B32B8 /* Application.xib */ = {isa = PBXFileReference; fileEncoding = 4; lastKnownFileType = file.xib; path = Application.xib; sourceTree = "<group>"; };
/* End PBXFileReference section */

/* Begin PBXFrameworksBuildPhase section */
		3524449D1ECCA0B7008B32B8 /* Frameworks */ = {
			isa = PBXFrameworksBuildPhase;
			buildActionMask = 2147483647;
			files = (
			);
			runOnlyForDeploymentPostprocessing = 0;
		};
/* End PBXFrameworksBuildPhase section */

/* Begin PBXGroup section */
		352444971ECCA0B7008B32B8 = {
			isa = PBXGroup;
			children = (
				352444A21ECCA0B7008B32B8 /* Somewhere */,
				352444A11ECCA0B7008B32B8 /* Products */,
				352444B81ECCA0BF008B32B8 /* New Group */,
			);
			sourceTree = "<group>";
		};
		352444A11ECCA0B7008B32B8 /* Products */ = {
			isa = PBXGroup;
			children = (
				352444A01ECCA0B7008B32B8 /* Somewhere.app */,
			);
			name = Products;
			sourceTree = "<group>";
		};
		352444A21ECCA0B7008B32B8 /* Somewhere */ = {
			isa = PBXGroup;
			children = (
				352444A31ECCA0B7008B32B8 /* AppDelegate.swift */,
				352444A51ECCA0B7008B32B8 /* ViewController.swift */,
				352444A71ECCA0B7008B32B8 /* Main.storyboard */,
				352444AD1ECCA0B7008B32B8 /* Assets.xcassets */,
				352444AF1ECCA0B7008B32B8 /* LaunchScreen.storyboard */,
				352444B21ECCA0B7008B32B8 /* Info.plist */,
				352444AA1ECCA0B7008B32B8 /* Somewhere.xcdatamodeld */,
			);
			path = Somewhere;
			sourceTree = "<group>";
		};
		352444B81ECCA0BF008B32B8 /* New Group */ = {
			isa = PBXGroup;
			children = (
				352444B91ECCA0DB008B32B8 /* Application.xib */,
			);
			name = "New Group";
			path = Somewhere;
			sourceTree = "<group>";
		};
/* End PBXGroup section */

/* Begin PBXNativeTarget section */
		3524449F1ECCA0B7008B32B8 /* Somewhere */ = {
			isa = PBXNativeTarget;
			buildConfigurationList = 352444B51ECCA0B7008B32B8 /* Build configuration list for PBXNativeTarget "Somewhere" */;
			buildPhases = (
				3524449C1ECCA0B7008B32B8 /* Sources */,
				3524449D1ECCA0B7008B32B8 /* Frameworks */,
				3524449E1ECCA0B7008B32B8 /* Resources */,
			);
			buildRules = (
			);
			dependencies = (
			);
			name = Somewhere;
			productName = Somewhere;
			productReference = 352444A01ECCA0B7008B32B8 /* Somewhere.app */;
			productType = "com.apple.product-type.application";
		};
/* End PBXNativeTarget section */

/* Begin PBXProject section */
		352444981ECCA0B7008B32B8 /* Project object */ = {
			isa = PBXProject;
			attributes = {
				LastSwiftUpdateCheck = 0820;
				LastUpgradeCheck = 0820;
				ORGANIZATIONNAME = kuutsav;
				TargetAttributes = {
					3524449F1ECCA0B7008B32B8 = {
						CreatedOnToolsVersion = 8.2.1;
						DevelopmentTeam = BW2JUPK3JZ;
						ProvisioningStyle = Automatic;
					};
				};
			};
			buildConfigurationList = 3524449B1ECCA0B7008B32B8 /* Build configuration list for PBXProject "Somewhere" */;
			compatibilityVersion = "Xcode 3.2";
			developmentRegion = English;
			hasScannedForEncodings = 0;
			knownRegions = (
				en,
				Base,
			);
			mainGroup = 352444971ECCA0B7008B32B8;
			productRefGroup = 352444A11ECCA0B7008B32B8 /* Products */;
			projectDirPath = "";
			projectRoot = "";
			targets = (
				3524449F1ECCA0B7008B32B8 /* Somewhere */,
			);
		};
/* End PBXProject section */

/* Begin PBXResourcesBuildPhase section */
		3524449E1ECCA0B7008B32B8 /* Resources */ = {
			isa = PBXResourcesBuildPhase;
			buildActionMask = 2147483647;
			files = (
				352444BA1ECCA0DB008B32B8 /* Application.xib in Resources */,
				352444B11ECCA0B7008B32B8 /* LaunchScreen.storyboard in Resources */,
				352444AE1ECCA0B7008B32B8 /* Assets.xcassets in Resources */,
				352444A91ECCA0B7008B32B8 /* Main.storyboard in Resources */,
			);
			runOnlyForDeploymentPostprocessing = 0;
		};
/* End PBXResourcesBuildPhase section */

/* Begin PBXSourcesBuildPhase section */
		3524449C1ECCA0B7008B32B8 /* Sources */ = {
			isa = PBXSourcesBuildPhase;
			buildActionMask = 2147483647;
			files = (
				352444A61ECCA0B7008B32B8 /* ViewController.swift in Sources */,
				352444A41ECCA0B7008B32B8 /* AppDelegate.swift in Sources */,
				352444AC1ECCA0B7008B32B8 /* Somewhere.xcdatamodeld in Sources */,
			);
			runOnlyForDeploymentPostprocessing = 0;
		};
/* End PBXSourcesBuildPhase section */

/* Begin PBXVariantGroup section */
		352444A71ECCA0B7008B32B8 /* Main.storyboard */ = {
			isa = PBXVariantGroup;
			children = (
				352444A81ECCA0B7008B32B8 /* Base */,
			);
			name = Main.storyboard;
			sourceTree = "<group>";
		};
		352444AF1ECCA0B7008B32B8 /* LaunchScreen.storyboard */ = {
			isa = PBXVariantGroup;
			children = (
				352444B01ECCA0B7008B32B8 /* Base */,
			);
			name = LaunchScreen.storyboard;
			sourceTree = "<group>";
		};
/* End PBXVariantGroup section */

/* Begin XCBuildConfiguration section */
		352444B31ECCA0B7008B32B8 /* Debug */ = {
			isa = XCBuildConfiguration;
			buildSettings = {
				ALWAYS_SEARCH_USER_PATHS = NO;
				CLANG_ANALYZER_NONNULL = YES;
				CLANG_CXX_LANGUAGE_STANDARD = "gnu++0x";
				CLANG_CXX_LIBRARY = "libc++";
				CLANG_ENABLE_MODULES = YES;
				CLANG_ENABLE_OBJC_ARC = YES;
				CLANG_WARN_BOOL_CONVERSION = YES;
				CLANG_WARN_CONSTANT_CONVERSION = YES;
				CLANG_WARN_DIRECT_OBJC_ISA_USAGE = YES_ERROR;
				CLANG_WARN_DOCUMENTATION_COMMENTS = YES;
				CLANG_WARN_EMPTY_BODY = YES;
				CLANG_WARN_ENUM_CONVERSION = YES;
				CLANG_WARN_INFINITE_RECURSION = YES;
				CLANG_WARN_INT_CONVERSION = YES;
				CLANG_WARN_OBJC_ROOT_CLASS = YES_ERROR;
				CLANG_WARN_SUSPICIOUS_MOVE = YES;
				CLANG_WARN_UNREACHABLE_CODE = YES;
				CLANG_WARN__DUPLICATE_METHOD_MATCH = YES;
				"CODE_SIGN_IDENTITY[sdk=iphoneos*]" = "iPhone Developer";
				COPY_PHASE_STRIP = NO;
				DEBUG_INFORMATION_FORMAT = dwarf;
				ENABLE_STRICT_OBJC_MSGSEND = YES;
				ENABLE_TESTABILITY = YES;
				GCC_C_LANGUAGE_STANDARD = gnu99;
				GCC_DYNAMIC_NO_PIC = NO;
				GCC_NO_COMMON_BLOCKS = YES;
				GCC_OPTIMIZATION_LEVEL = 0;
				GCC_PREPROCESSOR_DEFINITIONS = (
					"DEBUG=1",
					"$(inherited)",
				);
				GCC_WARN_64_TO_32_BIT_CONVERSION = YES;
				GCC_WARN_ABOUT_RETURN_TYPE = YES_ERROR;
				GCC_WARN_UNDECLARED_SELECTOR = YES;
				GCC_WARN_UNINITIALIZED_AUTOS = YES_AGGRESSIVE;
				GCC_WARN_UNUSED_FUNCTION = YES;
				GCC_WARN_UNUSED_VARIABLE = YES;
				IPHONEOS_DEPLOYMENT_TARGET = 10.2;
				MTL_ENABLE_DEBUG_INFO = YES;
				ONLY_ACTIVE_ARCH = YES;
				SDKROOT = iphoneos;
				SWIFT_ACTIVE_COMPILATION_CONDITIONS = DEBUG;
				SWIFT_OPTIMIZATION_LEVEL = "-Onone";
			};
			name = Debug;
		};
		352444B41ECCA0B7008B32B8 /* Release */ = {
			isa = XCBuildConfiguration;
			buildSettings = {
				ALWAYS_SEARCH_USER_PATHS = NO;
				CLANG_ANALYZER_NONNULL = YES;
				CLANG_CXX_LANGUAGE_STANDARD = "gnu++0x";
				CLANG_CXX_LIBRARY = "libc++";
				CLANG_ENABLE_MODULES = YES;
				CLANG_ENABLE_OBJC_ARC = YES;
				CLANG_WARN_BOOL_CONVERSION = YES;
				CLANG_WARN_CONSTANT_CONVERSION = YES;
				CLANG_WARN_DIRECT_OBJC_ISA_USAGE = YES_ERROR;
				CLANG_WARN_DOCUMENTATION_COMMENTS = YES;
				CLANG_WARN_EMPTY_BODY = YES;
				CLANG_WARN_ENUM_CONVERSION = YES;
				CLANG_WARN_INFINITE_RECURSION = YES;
				CLANG_WARN_INT_CONVERSION = YES;
				CLANG_WARN_OBJC_ROOT_CLASS = YES_ERROR;
				CLANG_WARN_SUSPICIOUS_MOVE = YES;
				CLANG_WARN_UNREACHABLE_CODE = YES;
				CLANG_WARN__DUPLICATE_METHOD_MATCH = YES;
				"CODE_SIGN_IDENTITY[sdk=iphoneos*]" = "iPhone Developer";
				COPY_PHASE_STRIP = NO;
				DEBUG_INFORMATION_FORMAT = "dwarf-with-dsym";
				ENABLE_NS_ASSERTIONS = NO;
				ENABLE_STRICT_OBJC_MSGSEND = YES;
				GCC_C_LANGUAGE_STANDARD = gnu99;
				GCC_NO_COMMON_BLOCKS = YES;
				GCC_WARN_64_TO_32_BIT_CONVERSION = YES;
				GCC_WARN_ABOUT_RETURN_TYPE = YES_ERROR;
				GCC_WARN_UNDECLARED_SELECTOR = YES;
				GCC_WARN_UNINITIALIZED_AUTOS = YES_AGGRESSIVE;
				GCC_WARN_UNUSED_FUNCTION = YES;
				GCC_WARN_UNUSED_VARIABLE = YES;
				IPHONEOS_DEPLOYMENT_TARGET = 10.2;
				MTL_ENABLE_DEBUG_INFO = NO;
				SDKROOT = iphoneos;
				SWIFT_OPTIMIZATION_LEVEL = "-Owholemodule";
				VALIDATE_PRODUCT = YES;
			};
			name = Release;
		};
		352444B61ECCA0B7008B32B8 /* Debug */ = {
			isa = XCBuildConfiguration;
			buildSettings = {
				ASSETCATALOG_COMPILER_APPICON_NAME = AppIcon;
				DEVELOPMENT_TEAM = BW2JUPK3JZ;
				INFOPLIST_FILE = Somewhere/Info.plist;
				LD_RUNPATH_SEARCH_PATHS = "$(inherited) @executable_path/Frameworks";
				PRODUCT_BUNDLE_IDENTIFIER = com.kumar..Somewhere;
				PRODUCT_NAME = "$(TARGET_NAME)";
				SWIFT_VERSION = 3.0;
			};
			name = Debug;
		};
		352444B71ECCA0B7008B32B8 /* Release */ = {
			isa = XCBuildConfiguration;
			buildSettings = {
				ASSETCATALOG_COMPILER_APPICON_NAME = AppIcon;
				DEVELOPMENT_TEAM = BW2JUPK3JZ;
				INFOPLIST_FILE = Somewhere/Info.plist;
				LD_RUNPATH_SEARCH_PATHS = "$(inherited) @executable_path/Frameworks";
				PRODUCT_BUNDLE_IDENTIFIER = com.kumar..Somewhere;
				PRODUCT_NAME = "$(TARGET_NAME)";
				SWIFT_VERSION = 3.0;
			};
			name = Release;
		};
/* End XCBuildConfiguration section */

/* Begin XCConfigurationList section */
		3524449B1ECCA0B7008B32B8 /* Build configuration list for PBXProject "Somewhere" */ = {
			isa = XCConfigurationList;
			buildConfigurations = (
				352444B31ECCA0B7008B32B8 /* Debug */,
				352444B41ECCA0B7008B32B8 /* Release */,
			);
			defaultConfigurationIsVisible = 0;
			defaultConfigurationName = Release;
		};
		352444B51ECCA0B7008B32B8 /* Build configuration list for PBXNativeTarget "Somewhere" */ = {
			isa = XCConfigurationList;
			buildConfigurations = (
				352444B61ECCA0B7008B32B8 /* Debug */,
				352444B71ECCA0B7008B32B8 /* Release */,
			);
			defaultConfigurationIsVisible = 0;
		};
/* End XCConfigurationList section */

/* Begin XCVersionGroup section */
		352444AA1ECCA0B7008B32B8 /* Somewhere.xcdatamodeld */ = {
			isa = XCVersionGroup;
			children = (
				352444AB1ECCA0B7008B32B8 /* Somewhere.xcdatamodel */,
			);
			currentVersion = 352444AB1ECCA0B7008B32B8 /* Somewhere.xcdatamodel */;
			path = Somewhere.xcdatamodeld;
			sourceTree = "<group>";
			versionGroupType = wrapper.xcdatamodel;
		};
/* End XCVersionGroup section */
	};
	rootObject = 352444981ECCA0B7008B32B8 /* Project object */;
}
