// !$*UTF8*$!
{
	archiveVersion = 1;
	classes = {
	};
	objectVersion = 46;
	objects = {

/* Begin PBXBuildFile section */
		351ACEB91EDEA0A10074AF7E /* AppDelegate.swift in Sources */ = {isa = PBXBuildFile; fileRef = 351ACEB81EDEA0A10074AF7E /* AppDelegate.swift */; };
		351ACEBB1EDEA0A10074AF7E /* ViewController.swift in Sources */ = {isa = PBXBuildFile; fileRef = 351ACEBA1EDEA0A10074AF7E /* ViewController.swift */; };
		351ACEBE1EDEA0A10074AF7E /* Main.storyboard in Resources */ = {isa = PBXBuildFile; fileRef = 351ACEBC1EDEA0A10074AF7E /* Main.storyboard */; };
		351ACEC01EDEA0A10074AF7E /* Assets.xcassets in Resources */ = {isa = PBXBuildFile; fileRef = 351ACEBF1EDEA0A10074AF7E /* Assets.xcassets */; };
		351ACEC31EDEA0A10074AF7E /* LaunchScreen.storyboard in Resources */ = {isa = PBXBuildFile; fileRef = 351ACEC11EDEA0A10074AF7E /* LaunchScreen.storyboard */; };
		351ACECB1EDEA0AB0074AF7E /* Graveyard.swift in Sources */ = {isa = PBXBuildFile; fileRef = 351ACECA1EDEA0AB0074AF7E /* Graveyard.swift */; };
		351ACECD1EDEA0CB0074AF7E /* Nyancat.png in Resources */ = {isa = PBXBuildFile; fileRef = 351ACECC1EDEA0CB0074AF7E /* Nyancat.png */; };
		351ACECF1EDEA0D10074AF7E /* nyan-cat-tune.mp3 in Resources */ = {isa = PBXBuildFile; fileRef = 351ACECE1EDEA0D10074AF7E /* nyan-cat-tune.mp3 */; };
		351ACED11EDEA0D60074AF7E /* Rainbow.fsh in Resources */ = {isa = PBXBuildFile; fileRef = 351ACED01EDEA0D60074AF7E /* Rainbow.fsh */; };
		351ACED51EDEA1010074AF7E /* GreenBox.fsh in Resources */ = {isa = PBXBuildFile; fileRef = 351ACED21EDEA1010074AF7E /* GreenBox.fsh */; };
		351ACED61EDEA1010074AF7E /* GreenMask.fsh in Resources */ = {isa = PBXBuildFile; fileRef = 351ACED31EDEA1010074AF7E /* GreenMask.fsh */; };
		351ACED71EDEA1010074AF7E /* GreenMaskWithOpacity.fsh in Resources */ = {isa = PBXBuildFile; fileRef = 351ACED41EDEA1010074AF7E /* GreenMaskWithOpacity.fsh */; };
/* End PBXBuildFile section */

/* Begin PBXFileReference section */
		351ACEB51EDEA0A10074AF7E /* Somethings.app */ = {isa = PBXFileReference; explicitFileType = wrapper.application; includeInIndex = 0; path = Somethings.app; sourceTree = BUILT_PRODUCTS_DIR; };
		351ACEB81EDEA0A10074AF7E /* AppDelegate.swift */ = {isa = PBXFileReference; lastKnownFileType = sourcecode.swift; path = AppDelegate.swift; sourceTree = "<group>"; };
		351ACEBA1EDEA0A10074AF7E /* ViewController.swift */ = {isa = PBXFileReference; lastKnownFileType = sourcecode.swift; path = ViewController.swift; sourceTree = "<group>"; };
		351ACEBD1EDEA0A10074AF7E /* Base */ = {isa = PBXFileReference; lastKnownFileType = file.storyboard; name = Base; path = Base.lproj/Main.storyboard; sourceTree = "<group>"; };
		351ACEBF1EDEA0A10074AF7E /* Assets.xcassets */ = {isa = PBXFileReference; lastKnownFileType = folder.assetcatalog; path = Assets.xcassets; sourceTree = "<group>"; };
		351ACEC21EDEA0A10074AF7E /* Base */ = {isa = PBXFileReference; lastKnownFileType = file.storyboard; name = Base; path = Base.lproj/LaunchScreen.storyboard; sourceTree = "<group>"; };
		351ACEC41EDEA0A10074AF7E /* Info.plist */ = {isa = PBXFileReference; lastKnownFileType = text.plist.xml; path = Info.plist; sourceTree = "<group>"; };
		351ACECA1EDEA0AB0074AF7E /* Graveyard.swift */ = {isa = PBXFileReference; fileEncoding = 4; lastKnownFileType = sourcecode.swift; path = Graveyard.swift; sourceTree = "<group>"; };
		351ACECC1EDEA0CB0074AF7E /* Nyancat.png */ = {isa = PBXFileReference; lastKnownFileType = image.png; path = Nyancat.png; sourceTree = "<group>"; };
		351ACECE1EDEA0D10074AF7E /* nyan-cat-tune.mp3 */ = {isa = PBXFileReference; lastKnownFileType = audio.mp3; path = "nyan-cat-tune.mp3"; sourceTree = "<group>"; };
		351ACED01EDEA0D60074AF7E /* Rainbow.fsh */ = {isa = PBXFileReference; fileEncoding = 4; lastKnownFileType = sourcecode.glsl; path = Rainbow.fsh; sourceTree = "<group>"; };
		351ACED21EDEA1010074AF7E /* GreenBox.fsh */ = {isa = PBXFileReference; fileEncoding = 4; lastKnownFileType = sourcecode.glsl; path = GreenBox.fsh; sourceTree = "<group>"; };
		351ACED31EDEA1010074AF7E /* GreenMask.fsh */ = {isa = PBXFileReference; fileEncoding = 4; lastKnownFileType = sourcecode.glsl; path = GreenMask.fsh; sourceTree = "<group>"; };
		351ACED41EDEA1010074AF7E /* GreenMaskWithOpacity.fsh */ = {isa = PBXFileReference; fileEncoding = 4; lastKnownFileType = sourcecode.glsl; path = GreenMaskWithOpacity.fsh; sourceTree = "<group>"; };
/* End PBXFileReference section */

/* Begin PBXFrameworksBuildPhase section */
		351ACEB21EDEA0A10074AF7E /* Frameworks */ = {
			isa = PBXFrameworksBuildPhase;
			buildActionMask = 2147483647;
			files = (
			);
			runOnlyForDeploymentPostprocessing = 0;
		};
/* End PBXFrameworksBuildPhase section */

/* Begin PBXGroup section */
		351ACEAC1EDEA0A00074AF7E = {
			isa = PBXGroup;
			children = (
				351ACEB71EDEA0A10074AF7E /* Somethings */,
				351ACEB61EDEA0A10074AF7E /* Products */,
			);
			sourceTree = "<group>";
		};
		351ACEB61EDEA0A10074AF7E /* Products */ = {
			isa = PBXGroup;
			children = (
				351ACEB51EDEA0A10074AF7E /* Somethings.app */,
			);
			name = Products;
			sourceTree = "<group>";
		};
		351ACEB71EDEA0A10074AF7E /* Somethings */ = {
			isa = PBXGroup;
			children = (
				351ACEB81EDEA0A10074AF7E /* AppDelegate.swift */,
				351ACEBA1EDEA0A10074AF7E /* ViewController.swift */,
				351ACECA1EDEA0AB0074AF7E /* Graveyard.swift */,
				351ACEBC1EDEA0A10074AF7E /* Main.storyboard */,
				351ACECC1EDEA0CB0074AF7E /* Nyancat.png */,
				351ACEBF1EDEA0A10074AF7E /* Assets.xcassets */,
				351ACECE1EDEA0D10074AF7E /* nyan-cat-tune.mp3 */,
				351ACED21EDEA1010074AF7E /* GreenBox.fsh */,
				351ACED31EDEA1010074AF7E /* GreenMask.fsh */,
				351ACED41EDEA1010074AF7E /* GreenMaskWithOpacity.fsh */,
				351ACED01EDEA0D60074AF7E /* Rainbow.fsh */,
				351ACEC11EDEA0A10074AF7E /* LaunchScreen.storyboard */,
				351ACEC41EDEA0A10074AF7E /* Info.plist */,
			);
			path = Somethings;
			sourceTree = "<group>";
		};
/* End PBXGroup section */

/* Begin PBXNativeTarget section */
		351ACEB41EDEA0A10074AF7E /* Somethings */ = {
			isa = PBXNativeTarget;
			buildConfigurationList = 351ACEC71EDEA0A10074AF7E /* Build configuration list for PBXNativeTarget "Somethings" */;
			buildPhases = (
				351ACEB11EDEA0A10074AF7E /* Sources */,
				351ACEB21EDEA0A10074AF7E /* Frameworks */,
				351ACEB31EDEA0A10074AF7E /* Resources */,
			);
			buildRules = (
			);
			dependencies = (
			);
			name = Somethings;
			productName = Somethings;
			productReference = 351ACEB51EDEA0A10074AF7E /* Somethings.app */;
			productType = "com.apple.product-type.application";
		};
/* End PBXNativeTarget section */

/* Begin PBXProject section */
		351ACEAD1EDEA0A00074AF7E /* Project object */ = {
			isa = PBXProject;
			attributes = {
				LastSwiftUpdateCheck = 0820;
				LastUpgradeCheck = 0820;
				ORGANIZATIONNAME = kuutsav;
				TargetAttributes = {
					351ACEB41EDEA0A10074AF7E = {
						CreatedOnToolsVersion = 8.2.1;
						DevelopmentTeam = BW2JUPK3JZ;
						ProvisioningStyle = Automatic;
					};
				};
			};
			buildConfigurationList = 351ACEB01EDEA0A00074AF7E /* Build configuration list for PBXProject "Somethings" */;
			compatibilityVersion = "Xcode 3.2";
			developmentRegion = English;
			hasScannedForEncodings = 0;
			knownRegions = (
				en,
				Base,
			);
			mainGroup = 351ACEAC1EDEA0A00074AF7E;
			productRefGroup = 351ACEB61EDEA0A10074AF7E /* Products */;
			projectDirPath = "";
			projectRoot = "";
			targets = (
				351ACEB41EDEA0A10074AF7E /* Somethings */,
			);
		};
/* End PBXProject section */

/* Begin PBXResourcesBuildPhase section */
		351ACEB31EDEA0A10074AF7E /* Resources */ = {
			isa = PBXResourcesBuildPhase;
			buildActionMask = 2147483647;
			files = (
				351ACED11EDEA0D60074AF7E /* Rainbow.fsh in Resources */,
				351ACED61EDEA1010074AF7E /* GreenMask.fsh in Resources */,
				351ACECF1EDEA0D10074AF7E /* nyan-cat-tune.mp3 in Resources */,
				351ACED51EDEA1010074AF7E /* GreenBox.fsh in Resources */,
				351ACECD1EDEA0CB0074AF7E /* Nyancat.png in Resources */,
				351ACED71EDEA1010074AF7E /* GreenMaskWithOpacity.fsh in Resources */,
				351ACEC31EDEA0A10074AF7E /* LaunchScreen.storyboard in Resources */,
				351ACEC01EDEA0A10074AF7E /* Assets.xcassets in Resources */,
				351ACEBE1EDEA0A10074AF7E /* Main.storyboard in Resources */,
			);
			runOnlyForDeploymentPostprocessing = 0;
		};
/* End PBXResourcesBuildPhase section */

/* Begin PBXSourcesBuildPhase section */
		351ACEB11EDEA0A10074AF7E /* Sources */ = {
			isa = PBXSourcesBuildPhase;
			buildActionMask = 2147483647;
			files = (
				351ACEBB1EDEA0A10074AF7E /* ViewController.swift in Sources */,
				351ACECB1EDEA0AB0074AF7E /* Graveyard.swift in Sources */,
				351ACEB91EDEA0A10074AF7E /* AppDelegate.swift in Sources */,
			);
			runOnlyForDeploymentPostprocessing = 0;
		};
/* End PBXSourcesBuildPhase section */

/* Begin PBXVariantGroup section */
		351ACEBC1EDEA0A10074AF7E /* Main.storyboard */ = {
			isa = PBXVariantGroup;
			children = (
				351ACEBD1EDEA0A10074AF7E /* Base */,
			);
			name = Main.storyboard;
			sourceTree = "<group>";
		};
		351ACEC11EDEA0A10074AF7E /* LaunchScreen.storyboard */ = {
			isa = PBXVariantGroup;
			children = (
				351ACEC21EDEA0A10074AF7E /* Base */,
			);
			name = LaunchScreen.storyboard;
			sourceTree = "<group>";
		};
/* End PBXVariantGroup section */

/* Begin XCBuildConfiguration section */
		351ACEC51EDEA0A10074AF7E /* Debug */ = {
			isa = XCBuildConfiguration;
			buildSettings = {
				ALWAYS_SEARCH_USER_PATHS = NO;
				CLANG_ANALYZER_NONNULL = YES;
				CLANG_CXX_LANGUAGE_STANDARD = "gnu++0x";
				CLANG_CXX_LIBRARY = "libc++";
				CLANG_ENABLE_MODULES = YES;
				CLANG_ENABLE_OBJC_ARC = YES;
				CLANG_WARN_BOOL_CONVERSION = YES;
				CLANG_WARN_CONSTANT_CONVERSION = YES;
				CLANG_WARN_DIRECT_OBJC_ISA_USAGE = YES_ERROR;
				CLANG_WARN_DOCUMENTATION_COMMENTS = YES;
				CLANG_WARN_EMPTY_BODY = YES;
				CLANG_WARN_ENUM_CONVERSION = YES;
				CLANG_WARN_INFINITE_RECURSION = YES;
				CLANG_WARN_INT_CONVERSION = YES;
				CLANG_WARN_OBJC_ROOT_CLASS = YES_ERROR;
				CLANG_WARN_SUSPICIOUS_MOVE = YES;
				CLANG_WARN_UNREACHABLE_CODE = YES;
				CLANG_WARN__DUPLICATE_METHOD_MATCH = YES;
				"CODE_SIGN_IDENTITY[sdk=iphoneos*]" = "iPhone Developer";
				COPY_PHASE_STRIP = NO;
				DEBUG_INFORMATION_FORMAT = dwarf;
				ENABLE_STRICT_OBJC_MSGSEND = YES;
				ENABLE_TESTABILITY = YES;
				GCC_C_LANGUAGE_STANDARD = gnu99;
				GCC_DYNAMIC_NO_PIC = NO;
				GCC_NO_COMMON_BLOCKS = YES;
				GCC_OPTIMIZATION_LEVEL = 0;
				GCC_PREPROCESSOR_DEFINITIONS = (
					"DEBUG=1",
					"$(inherited)",
				);
				GCC_WARN_64_TO_32_BIT_CONVERSION = YES;
				GCC_WARN_ABOUT_RETURN_TYPE = YES_ERROR;
				GCC_WARN_UNDECLARED_SELECTOR = YES;
				GCC_WARN_UNINITIALIZED_AUTOS = YES_AGGRESSIVE;
				GCC_WARN_UNUSED_FUNCTION = YES;
				GCC_WARN_UNUSED_VARIABLE = YES;
				IPHONEOS_DEPLOYMENT_TARGET = 10.2;
				MTL_ENABLE_DEBUG_INFO = YES;
				ONLY_ACTIVE_ARCH = YES;
				SDKROOT = iphoneos;
				SWIFT_ACTIVE_COMPILATION_CONDITIONS = DEBUG;
				SWIFT_OPTIMIZATION_LEVEL = "-Onone";
			};
			name = Debug;
		};
		351ACEC61EDEA0A10074AF7E /* Release */ = {
			isa = XCBuildConfiguration;
			buildSettings = {
				ALWAYS_SEARCH_USER_PATHS = NO;
				CLANG_ANALYZER_NONNULL = YES;
				CLANG_CXX_LANGUAGE_STANDARD = "gnu++0x";
				CLANG_CXX_LIBRARY = "libc++";
				CLANG_ENABLE_MODULES = YES;
				CLANG_ENABLE_OBJC_ARC = YES;
				CLANG_WARN_BOOL_CONVERSION = YES;
				CLANG_WARN_CONSTANT_CONVERSION = YES;
				CLANG_WARN_DIRECT_OBJC_ISA_USAGE = YES_ERROR;
				CLANG_WARN_DOCUMENTATION_COMMENTS = YES;
				CLANG_WARN_EMPTY_BODY = YES;
				CLANG_WARN_ENUM_CONVERSION = YES;
				CLANG_WARN_INFINITE_RECURSION = YES;
				CLANG_WARN_INT_CONVERSION = YES;
				CLANG_WARN_OBJC_ROOT_CLASS = YES_ERROR;
				CLANG_WARN_SUSPICIOUS_MOVE = YES;
				CLANG_WARN_UNREACHABLE_CODE = YES;
				CLANG_WARN__DUPLICATE_METHOD_MATCH = YES;
				"CODE_SIGN_IDENTITY[sdk=iphoneos*]" = "iPhone Developer";
				COPY_PHASE_STRIP = NO;
				DEBUG_INFORMATION_FORMAT = "dwarf-with-dsym";
				ENABLE_NS_ASSERTIONS = NO;
				ENABLE_STRICT_OBJC_MSGSEND = YES;
				GCC_C_LANGUAGE_STANDARD = gnu99;
				GCC_NO_COMMON_BLOCKS = YES;
				GCC_WARN_64_TO_32_BIT_CONVERSION = YES;
				GCC_WARN_ABOUT_RETURN_TYPE = YES_ERROR;
				GCC_WARN_UNDECLARED_SELECTOR = YES;
				GCC_WARN_UNINITIALIZED_AUTOS = YES_AGGRESSIVE;
				GCC_WARN_UNUSED_FUNCTION = YES;
				GCC_WARN_UNUSED_VARIABLE = YES;
				IPHONEOS_DEPLOYMENT_TARGET = 10.2;
				MTL_ENABLE_DEBUG_INFO = NO;
				SDKROOT = iphoneos;
				SWIFT_OPTIMIZATION_LEVEL = "-Owholemodule";
				VALIDATE_PRODUCT = YES;
			};
			name = Release;
		};
		351ACEC81EDEA0A10074AF7E /* Debug */ = {
			isa = XCBuildConfiguration;
			buildSettings = {
				ASSETCATALOG_COMPILER_APPICON_NAME = AppIcon;
				DEVELOPMENT_TEAM = BW2JUPK3JZ;
				INFOPLIST_FILE = Somethings/Info.plist;
				LD_RUNPATH_SEARCH_PATHS = "$(inherited) @executable_path/Frameworks";
				PRODUCT_BUNDLE_IDENTIFIER = com.kumar..Somethings;
				PRODUCT_NAME = "$(TARGET_NAME)";
				SWIFT_VERSION = 3.0;
			};
			name = Debug;
		};
		351ACEC91EDEA0A10074AF7E /* Release */ = {
			isa = XCBuildConfiguration;
			buildSettings = {
				ASSETCATALOG_COMPILER_APPICON_NAME = AppIcon;
				DEVELOPMENT_TEAM = BW2JUPK3JZ;
				INFOPLIST_FILE = Somethings/Info.plist;
				LD_RUNPATH_SEARCH_PATHS = "$(inherited) @executable_path/Frameworks";
				PRODUCT_BUNDLE_IDENTIFIER = com.kumar..Somethings;
				PRODUCT_NAME = "$(TARGET_NAME)";
				SWIFT_VERSION = 3.0;
			};
			name = Release;
		};
/* End XCBuildConfiguration section */

/* Begin XCConfigurationList section */
		351ACEB01EDEA0A00074AF7E /* Build configuration list for PBXProject "Somethings" */ = {
			isa = XCConfigurationList;
			buildConfigurations = (
				351ACEC51EDEA0A10074AF7E /* Debug */,
				351ACEC61EDEA0A10074AF7E /* Release */,
			);
			defaultConfigurationIsVisible = 0;
			defaultConfigurationName = Release;
		};
		351ACEC71EDEA0A10074AF7E /* Build configuration list for PBXNativeTarget "Somethings" */ = {
			isa = XCConfigurationList;
			buildConfigurations = (
				351ACEC81EDEA0A10074AF7E /* Debug */,
				351ACEC91EDEA0A10074AF7E /* Release */,
			);
			defaultConfigurationIsVisible = 0;
		};
/* End XCConfigurationList section */
	};
	rootObject = 351ACEAD1EDEA0A00074AF7E /* Project object */;
}
